{
  "originHash" : "ac648997c32c1aa570a695a5ababfcf78ba9b60e35a25a09a285f74773d2cd51",
  "pins" : [
    {
      "identity" : "router-kit",
      "kind" : "remoteSourceControl",
      "location" : "https://github.com/BerkSpar/router-kit.git",
      "state" : {
        "revision" : "290d0225fee1048f8eb5f894c474078a6c52521b",
        "version" : "1.3.0"
      }
    }
  ],
  "version" : 3
}
